Microsoft Visual Studio Solution File, Format Version 11.00
# Visual Studio 2010
Project("{2150E333-8FDC-42A3-9474-1A3956D46DE8}") = "Apps", "Apps", "{A05A2F59-30AF-489E-D394-270D55B9817D}"
EndProject
Project("{2150E333-8FDC-42A3-9474-1A3956D46DE8}") = "Libraries", "Libraries", "{F041FFB9-5D41-4D7A-5CBA-08A8B839B0DE}"
EndProject
Project("{8BC9CEB8-8B4A-11D0-8D11-00A0C91BC942}") = "CGG_Week8", "CGG_Week8\CGG_Week8.2010.vcxproj", "{460B6E25-FDC0-4A38-A553-E18C8EF5CA93}"
	ProjectSection(ProjectDependencies) = postProject
		{93241B0F-A13A-4142-BFA1-1674117DA671} = {93241B0F-A13A-4142-BFA1-1674117DA671}
	EndProjectSection
EndProject
Project("{8BC9CEB8-8B4A-11D0-8D11-00A0C91BC942}") = "Ex00_empty_window", "Ex00_empty_window\Ex00_empty_window.2010.vcxproj", "{8D39DFCB-C511-46EB-9578-29C081833DE0}"
	ProjectSection(ProjectDependencies) = postProject
		{93241B0F-A13A-4142-BFA1-1674117DA671} = {93241B0F-A13A-4142-BFA1-1674117DA671}
	EndProjectSection
EndProject
Project("{8BC9CEB8-8B4A-11D0-8D11-00A0C91BC942}") = "Ex01_mouse_input", "Ex01_mouse_input\Ex01_mouse_input.2010.vcxproj", "{EB4F30D2-6EF8-4E0C-A5F7-6FCDFB7CDF9A}"
	ProjectSection(ProjectDependencies) = postProject
		{93241B0F-A13A-4142-BFA1-1674117DA671} = {93241B0F-A13A-4142-BFA1-1674117DA671}
	EndProjectSection
EndProject
Project("{8BC9CEB8-8B4A-11D0-8D11-00A0C91BC942}") = "Ex02_keyboard_input", "Ex02_keyboard_input\Ex02_keyboard_input.2010.vcxproj", "{CC5C034C-999C-4A67-B4AB-9FA2E62D9088}"
	ProjectSection(ProjectDependencies) = postProject
		{93241B0F-A13A-4142-BFA1-1674117DA671} = {93241B0F-A13A-4142-BFA1-1674117DA671}
	EndProjectSection
EndProject
Project("{8BC9CEB8-8B4A-11D0-8D11-00A0C91BC942}") = "Ex03_drawing2D", "Ex03_drawing2D\Ex03_drawing2D.2010.vcxproj", "{ADB16D30-86DE-4BC1-931C-70DD39539809}"
	ProjectSection(ProjectDependencies) = postProject
		{93241B0F-A13A-4142-BFA1-1674117DA671} = {93241B0F-A13A-4142-BFA1-1674117DA671}
	EndProjectSection
EndProject
Project("{8BC9CEB8-8B4A-11D0-8D11-00A0C91BC942}") = "Ex04_drawing3D", "Ex04_drawing3D\Ex04_drawing3D.2010.vcxproj", "{322C8C2F-9F13-419E-92AD-AC32386375AD}"
	ProjectSection(ProjectDependencies) = postProject
		{93241B0F-A13A-4142-BFA1-1674117DA671} = {93241B0F-A13A-4142-BFA1-1674117DA671}
	EndProjectSection
EndProject
Project("{8BC9CEB8-8B4A-11D0-8D11-00A0C91BC942}") = "Ex05_draw_primitives", "Ex05_draw_primitives\Ex05_draw_primitives.2010.vcxproj", "{7268325F-5BF5-4647-B1CF-452D5F12155B}"
	ProjectSection(ProjectDependencies) = postProject
		{93241B0F-A13A-4142-BFA1-1674117DA671} = {93241B0F-A13A-4142-BFA1-1674117DA671}
	EndProjectSection
EndProject
Project("{8BC9CEB8-8B4A-11D0-8D11-00A0C91BC942}") = "Ex06_lighting", "Ex06_lighting\Ex06_lighting.2010.vcxproj", "{13AF2A99-AAEF-40F6-B8B2-F5B8FD84FE86}"
	ProjectSection(ProjectDependencies) = postProject
		{93241B0F-A13A-4142-BFA1-1674117DA671} = {93241B0F-A13A-4142-BFA1-1674117DA671}
	EndProjectSection
EndProject
Project("{8BC9CEB8-8B4A-11D0-8D11-00A0C91BC942}") = "Ex07_matrix_stack", "Ex07_matrix_stack\Ex07_matrix_stack.2010.vcxproj", "{8C6D7505-8E17-4790-A2C7-0AED1C02C438}"
	ProjectSection(ProjectDependencies) = postProject
		{93241B0F-A13A-4142-BFA1-1674117DA671} = {93241B0F-A13A-4142-BFA1-1674117DA671}
	EndProjectSection
EndProject
Project("{8BC9CEB8-8B4A-11D0-8D11-00A0C91BC942}") = "Ex08_drawing_text", "Ex08_drawing_text\Ex08_drawing_text.2010.vcxproj", "{E55C2EA7-ED62-4B2F-9161-F6C28640BF8F}"
	ProjectSection(ProjectDependencies) = postProject
		{93241B0F-A13A-4142-BFA1-1674117DA671} = {93241B0F-A13A-4142-BFA1-1674117DA671}
	EndProjectSection
EndProject
Project("{8BC9CEB8-8B4A-11D0-8D11-00A0C91BC942}") = "Ex09_test_maths", "Ex09_test_maths\Ex09_test_maths.2010.vcxproj", "{B0D18683-C810-4783-9765-A6DA534CB323}"
	ProjectSection(ProjectDependencies) = postProject
		{93241B0F-A13A-4142-BFA1-1674117DA671} = {93241B0F-A13A-4142-BFA1-1674117DA671}
	EndProjectSection
EndProject
Project("{8BC9CEB8-8B4A-11D0-8D11-00A0C91BC942}") = "Ex10_multiple_screens", "Ex10_multiple_screens\Ex10_multiple_screens.2010.vcxproj", "{F48A11EE-5455-49FE-9289-B0186EE5813B}"
	ProjectSection(ProjectDependencies) = postProject
		{93241B0F-A13A-4142-BFA1-1674117DA671} = {93241B0F-A13A-4142-BFA1-1674117DA671}
	EndProjectSection
EndProject
Project("{8BC9CEB8-8B4A-11D0-8D11-00A0C91BC942}") = "Ex11_draw_indexed_primatives", "Ex11_draw_indexed_primatives\Ex11_draw_indexed_primatives.2010.vcxproj", "{754C8874-A0C2-44B6-B1FE-2B80C11CA702}"
	ProjectSection(ProjectDependencies) = postProject
		{93241B0F-A13A-4142-BFA1-1674117DA671} = {93241B0F-A13A-4142-BFA1-1674117DA671}
	EndProjectSection
EndProject
Project("{8BC9CEB8-8B4A-11D0-8D11-00A0C91BC942}") = "Ex12_fullscreen", "Ex12_fullscreen\Ex12_fullscreen.2010.vcxproj", "{FD58784C-E7AA-451D-AE78-5B4E42492DCB}"
	ProjectSection(ProjectDependencies) = postProject
		{93241B0F-A13A-4142-BFA1-1674117DA671} = {93241B0F-A13A-4142-BFA1-1674117DA671}
	EndProjectSection
EndProject
Project("{8BC9CEB8-8B4A-11D0-8D11-00A0C91BC942}") = "Ex13_custom_maya_camera", "Ex13_custom_maya_camera\Ex13_custom_maya_camera.2010.vcxproj", "{3A2E760C-0069-4249-81BA-C1FE4F565A85}"
	ProjectSection(ProjectDependencies) = postProject
		{93241B0F-A13A-4142-BFA1-1674117DA671} = {93241B0F-A13A-4142-BFA1-1674117DA671}
	EndProjectSection
EndProject
Project("{8BC9CEB8-8B4A-11D0-8D11-00A0C91BC942}") = "libCGG", "libCGG\libCGG.2010.vcxproj", "{93241B0F-A13A-4142-BFA1-1674117DA671}"
EndProject
Project("{8BC9CEB8-8B4A-11D0-8D11-00A0C91BC942}") = "i7257741", "i7257741\i7257741.2010.vcxproj", "{71873678-CA82-4000-8C63-4D2FD0997D87}"
	ProjectSection(ProjectDependencies) = postProject
		{93241B0F-A13A-4142-BFA1-1674117DA671} = {93241B0F-A13A-4142-BFA1-1674117DA671}
	EndProjectSection
EndProject
Global
	GlobalSection(SolutionConfigurationPlatforms) = preSolution
		Debug|x64 = Debug|x64
		Release|x64 = Release|x64
	EndGlobalSection
	GlobalSection(ProjectConfigurationPlatforms) = postSolution
		{460B6E25-FDC0-4A38-A553-E18C8EF5CA93}.Debug|x64.ActiveCfg = Debug|x64
		{460B6E25-FDC0-4A38-A553-E18C8EF5CA93}.Debug|x64.Build.0 = Debug|x64
		{460B6E25-FDC0-4A38-A553-E18C8EF5CA93}.Release|x64.ActiveCfg = Release|x64
		{460B6E25-FDC0-4A38-A553-E18C8EF5CA93}.Release|x64.Build.0 = Release|x64
		{8D39DFCB-C511-46EB-9578-29C081833DE0}.Debug|x64.ActiveCfg = Debug|x64
		{8D39DFCB-C511-46EB-9578-29C081833DE0}.Debug|x64.Build.0 = Debug|x64
		{8D39DFCB-C511-46EB-9578-29C081833DE0}.Release|x64.ActiveCfg = Release|x64
		{8D39DFCB-C511-46EB-9578-29C081833DE0}.Release|x64.Build.0 = Release|x64
		{EB4F30D2-6EF8-4E0C-A5F7-6FCDFB7CDF9A}.Debug|x64.ActiveCfg = Debug|x64
		{EB4F30D2-6EF8-4E0C-A5F7-6FCDFB7CDF9A}.Debug|x64.Build.0 = Debug|x64
		{EB4F30D2-6EF8-4E0C-A5F7-6FCDFB7CDF9A}.Release|x64.ActiveCfg = Release|x64
		{EB4F30D2-6EF8-4E0C-A5F7-6FCDFB7CDF9A}.Release|x64.Build.0 = Release|x64
		{CC5C034C-999C-4A67-B4AB-9FA2E62D9088}.Debug|x64.ActiveCfg = Debug|x64
		{CC5C034C-999C-4A67-B4AB-9FA2E62D9088}.Debug|x64.Build.0 = Debug|x64
		{CC5C034C-999C-4A67-B4AB-9FA2E62D9088}.Release|x64.ActiveCfg = Release|x64
		{CC5C034C-999C-4A67-B4AB-9FA2E62D9088}.Release|x64.Build.0 = Release|x64
		{ADB16D30-86DE-4BC1-931C-70DD39539809}.Debug|x64.ActiveCfg = Debug|x64
		{ADB16D30-86DE-4BC1-931C-70DD39539809}.Debug|x64.Build.0 = Debug|x64
		{ADB16D30-86DE-4BC1-931C-70DD39539809}.Release|x64.ActiveCfg = Release|x64
		{ADB16D30-86DE-4BC1-931C-70DD39539809}.Release|x64.Build.0 = Release|x64
		{322C8C2F-9F13-419E-92AD-AC32386375AD}.Debug|x64.ActiveCfg = Debug|x64
		{322C8C2F-9F13-419E-92AD-AC32386375AD}.Debug|x64.Build.0 = Debug|x64
		{322C8C2F-9F13-419E-92AD-AC32386375AD}.Release|x64.ActiveCfg = Release|x64
		{322C8C2F-9F13-419E-92AD-AC32386375AD}.Release|x64.Build.0 = Release|x64
		{7268325F-5BF5-4647-B1CF-452D5F12155B}.Debug|x64.ActiveCfg = Debug|x64
		{7268325F-5BF5-4647-B1CF-452D5F12155B}.Debug|x64.Build.0 = Debug|x64
		{7268325F-5BF5-4647-B1CF-452D5F12155B}.Release|x64.ActiveCfg = Release|x64
		{7268325F-5BF5-4647-B1CF-452D5F12155B}.Release|x64.Build.0 = Release|x64
		{13AF2A99-AAEF-40F6-B8B2-F5B8FD84FE86}.Debug|x64.ActiveCfg = Debug|x64
		{13AF2A99-AAEF-40F6-B8B2-F5B8FD84FE86}.Debug|x64.Build.0 = Debug|x64
		{13AF2A99-AAEF-40F6-B8B2-F5B8FD84FE86}.Release|x64.ActiveCfg = Release|x64
		{13AF2A99-AAEF-40F6-B8B2-F5B8FD84FE86}.Release|x64.Build.0 = Release|x64
		{8C6D7505-8E17-4790-A2C7-0AED1C02C438}.Debug|x64.ActiveCfg = Debug|x64
		{8C6D7505-8E17-4790-A2C7-0AED1C02C438}.Debug|x64.Build.0 = Debug|x64
		{8C6D7505-8E17-4790-A2C7-0AED1C02C438}.Release|x64.ActiveCfg = Release|x64
		{8C6D7505-8E17-4790-A2C7-0AED1C02C438}.Release|x64.Build.0 = Release|x64
		{E55C2EA7-ED62-4B2F-9161-F6C28640BF8F}.Debug|x64.ActiveCfg = Debug|x64
		{E55C2EA7-ED62-4B2F-9161-F6C28640BF8F}.Debug|x64.Build.0 = Debug|x64
		{E55C2EA7-ED62-4B2F-9161-F6C28640BF8F}.Release|x64.ActiveCfg = Release|x64
		{E55C2EA7-ED62-4B2F-9161-F6C28640BF8F}.Release|x64.Build.0 = Release|x64
		{B0D18683-C810-4783-9765-A6DA534CB323}.Debug|x64.ActiveCfg = Debug|x64
		{B0D18683-C810-4783-9765-A6DA534CB323}.Debug|x64.Build.0 = Debug|x64
		{B0D18683-C810-4783-9765-A6DA534CB323}.Release|x64.ActiveCfg = Release|x64
		{B0D18683-C810-4783-9765-A6DA534CB323}.Release|x64.Build.0 = Release|x64
		{F48A11EE-5455-49FE-9289-B0186EE5813B}.Debug|x64.ActiveCfg = Debug|x64
		{F48A11EE-5455-49FE-9289-B0186EE5813B}.Debug|x64.Build.0 = Debug|x64
		{F48A11EE-5455-49FE-9289-B0186EE5813B}.Release|x64.ActiveCfg = Release|x64
		{F48A11EE-5455-49FE-9289-B0186EE5813B}.Release|x64.Build.0 = Release|x64
		{754C8874-A0C2-44B6-B1FE-2B80C11CA702}.Debug|x64.ActiveCfg = Debug|x64
		{754C8874-A0C2-44B6-B1FE-2B80C11CA702}.Debug|x64.Build.0 = Debug|x64
		{754C8874-A0C2-44B6-B1FE-2B80C11CA702}.Release|x64.ActiveCfg = Release|x64
		{754C8874-A0C2-44B6-B1FE-2B80C11CA702}.Release|x64.Build.0 = Release|x64
		{FD58784C-E7AA-451D-AE78-5B4E42492DCB}.Debug|x64.ActiveCfg = Debug|x64
		{FD58784C-E7AA-451D-AE78-5B4E42492DCB}.Debug|x64.Build.0 = Debug|x64
		{FD58784C-E7AA-451D-AE78-5B4E42492DCB}.Release|x64.ActiveCfg = Release|x64
		{FD58784C-E7AA-451D-AE78-5B4E42492DCB}.Release|x64.Build.0 = Release|x64
		{3A2E760C-0069-4249-81BA-C1FE4F565A85}.Debug|x64.ActiveCfg = Debug|x64
		{3A2E760C-0069-4249-81BA-C1FE4F565A85}.Debug|x64.Build.0 = Debug|x64
		{3A2E760C-0069-4249-81BA-C1FE4F565A85}.Release|x64.ActiveCfg = Release|x64
		{3A2E760C-0069-4249-81BA-C1FE4F565A85}.Release|x64.Build.0 = Release|x64
		{93241B0F-A13A-4142-BFA1-1674117DA671}.Debug|x64.ActiveCfg = Debug|x64
		{93241B0F-A13A-4142-BFA1-1674117DA671}.Debug|x64.Build.0 = Debug|x64
		{93241B0F-A13A-4142-BFA1-1674117DA671}.Release|x64.ActiveCfg = Release|x64
		{93241B0F-A13A-4142-BFA1-1674117DA671}.Release|x64.Build.0 = Release|x64
		{71873678-CA82-4000-8C63-4D2FD0997D87}.Debug|x64.ActiveCfg = Debug|x64
		{71873678-CA82-4000-8C63-4D2FD0997D87}.Debug|x64.Build.0 = Debug|x64
		{71873678-CA82-4000-8C63-4D2FD0997D87}.Release|x64.ActiveCfg = Release|x64
		{71873678-CA82-4000-8C63-4D2FD0997D87}.Release|x64.Build.0 = Release|x64
	EndGlobalSection
	GlobalSection(SolutionProperties) = preSolution
		HideSolutionNode = FALSE
	EndGlobalSection
	GlobalSection(NestedProjects) = preSolution
		{460B6E25-FDC0-4A38-A553-E18C8EF5CA93} = {A05A2F59-30AF-489E-D394-270D55B9817D}
		{8D39DFCB-C511-46EB-9578-29C081833DE0} = {A05A2F59-30AF-489E-D394-270D55B9817D}
		{EB4F30D2-6EF8-4E0C-A5F7-6FCDFB7CDF9A} = {A05A2F59-30AF-489E-D394-270D55B9817D}
		{CC5C034C-999C-4A67-B4AB-9FA2E62D9088} = {A05A2F59-30AF-489E-D394-270D55B9817D}
		{ADB16D30-86DE-4BC1-931C-70DD39539809} = {A05A2F59-30AF-489E-D394-270D55B9817D}
		{322C8C2F-9F13-419E-92AD-AC32386375AD} = {A05A2F59-30AF-489E-D394-270D55B9817D}
		{7268325F-5BF5-4647-B1CF-452D5F12155B} = {A05A2F59-30AF-489E-D394-270D55B9817D}
		{13AF2A99-AAEF-40F6-B8B2-F5B8FD84FE86} = {A05A2F59-30AF-489E-D394-270D55B9817D}
		{8C6D7505-8E17-4790-A2C7-0AED1C02C438} = {A05A2F59-30AF-489E-D394-270D55B9817D}
		{E55C2EA7-ED62-4B2F-9161-F6C28640BF8F} = {A05A2F59-30AF-489E-D394-270D55B9817D}
		{B0D18683-C810-4783-9765-A6DA534CB323} = {A05A2F59-30AF-489E-D394-270D55B9817D}
		{F48A11EE-5455-49FE-9289-B0186EE5813B} = {A05A2F59-30AF-489E-D394-270D55B9817D}
		{754C8874-A0C2-44B6-B1FE-2B80C11CA702} = {A05A2F59-30AF-489E-D394-270D55B9817D}
		{FD58784C-E7AA-451D-AE78-5B4E42492DCB} = {A05A2F59-30AF-489E-D394-270D55B9817D}
		{3A2E760C-0069-4249-81BA-C1FE4F565A85} = {A05A2F59-30AF-489E-D394-270D55B9817D}
		{71873678-CA82-4000-8C63-4D2FD0997D87} = {A05A2F59-30AF-489E-D394-270D55B9817D}
		{93241B0F-A13A-4142-BFA1-1674117DA671} = {F041FFB9-5D41-4D7A-5CBA-08A8B839B0DE}
	EndGlobalSection
EndGlobal
