<?xml version="1.0" encoding="utf-8"?>
<Project ToolsVersion="4.0" xmlns="http://schemas.microsoft.com/developer/msbuild/2003">
  <ItemGroup>
    <Filter Include="include">
      <UniqueIdentifier>{0b8657c8-f983-4593-9f3b-9e26927e9028}</UniqueIdentifier>
      <Extensions>h;hpp;hxx;hm;inl;inc;xsd</Extensions>
    </Filter>
    <Filter Include="src">
      <Extensions>cpp;c;cc;cxx;def;odl;idl;hpj;bat;asm;asmx</Extensions>
    </Filter>
  </ItemGroup>
  <ItemGroup>
    <Filter Include="include\cgg">
      <UniqueIdentifier>{2820f538-3e16-47e6-b68e-ac725faed2df}</UniqueIdentifier>
      <Extensions>h;hpp;hxx;hm;inl;inc;xsd</Extensions>
    </Filter>
  </ItemGroup>
  <ItemGroup>
    <ClInclude Include="./include/cgg/Graphics.h">
      <Filter>include\cgg</Filter>
    </ClInclude>
    <ClInclude Include="./include/cgg/Matrix2.h">
      <Filter>include\cgg</Filter>
    </ClInclude>
    <ClInclude Include="./include/cgg/Matrix3.h">
      <Filter>include\cgg</Filter>
    </ClInclude>
    <ClInclude Include="./include/cgg/Transform2.h">
      <Filter>include\cgg</Filter>
    </ClInclude>
    <ClInclude Include="./include/cgg/Transform3.h">
      <Filter>include\cgg</Filter>
    </ClInclude>
    <ClInclude Include="./include/cgg/Vec2.h">
      <Filter>include\cgg</Filter>
    </ClInclude>
    <ClInclude Include="./include/cgg/Vec3.h">
      <Filter>include\cgg</Filter>
    </ClInclude>
    <ClInclude Include="./include/cgg/Window.h">
      <Filter>include\cgg</Filter>
    </ClInclude>
  </ItemGroup>
  <ItemGroup>
    <ClInclude Include="./src/freeglut/src/freeglut_callbacks.c">
      <Filter>src</Filter>
    </ClInclude>
    <ClInclude Include="./src/freeglut/src/freeglut_cursor.c">
      <Filter>src</Filter>
    </ClInclude>
    <ClInclude Include="./src/freeglut/src/freeglut_display.c">
      <Filter>src</Filter>
    </ClInclude>
    <ClInclude Include="./src/freeglut/src/freeglut_ext.c">
      <Filter>src</Filter>
    </ClInclude>
    <ClInclude Include="./src/freeglut/src/freeglut_font.c">
      <Filter>src</Filter>
    </ClInclude>
    <ClInclude Include="./src/freeglut/src/freeglut_font_data.c">
      <Filter>src</Filter>
    </ClInclude>
    <ClInclude Include="./src/freeglut/src/freeglut_gamemode.c">
      <Filter>src</Filter>
    </ClInclude>
    <ClInclude Include="./src/freeglut/src/freeglut_geometry.c">
      <Filter>src</Filter>
    </ClInclude>
    <ClInclude Include="./src/freeglut/src/freeglut_glutfont_definitions.c">
      <Filter>src</Filter>
    </ClInclude>
    <ClInclude Include="./src/freeglut/src/freeglut_init.c">
      <Filter>src</Filter>
    </ClInclude>
    <ClInclude Include="./src/freeglut/src/freeglut_input_devices.c">
      <Filter>src</Filter>
    </ClInclude>
    <ClInclude Include="./src/freeglut/src/freeglut_joystick.c">
      <Filter>src</Filter>
    </ClInclude>
    <ClInclude Include="./src/freeglut/src/freeglut_main.c">
      <Filter>src</Filter>
    </ClInclude>
    <ClInclude Include="./src/freeglut/src/freeglut_menu.c">
      <Filter>src</Filter>
    </ClInclude>
    <ClInclude Include="./src/freeglut/src/freeglut_misc.c">
      <Filter>src</Filter>
    </ClInclude>
    <ClInclude Include="./src/freeglut/src/freeglut_overlay.c">
      <Filter>src</Filter>
    </ClInclude>
    <ClInclude Include="./src/freeglut/src/freeglut_spaceball.c">
      <Filter>src</Filter>
    </ClInclude>
    <ClInclude Include="./src/freeglut/src/freeglut_state.c">
      <Filter>src</Filter>
    </ClInclude>
    <ClInclude Include="./src/freeglut/src/freeglut_stroke_mono_roman.c">
      <Filter>src</Filter>
    </ClInclude>
    <ClInclude Include="./src/freeglut/src/freeglut_stroke_roman.c">
      <Filter>src</Filter>
    </ClInclude>
    <ClInclude Include="./src/freeglut/src/freeglut_structure.c">
      <Filter>src</Filter>
    </ClInclude>
    <ClInclude Include="./src/freeglut/src/freeglut_teapot.c">
      <Filter>src</Filter>
    </ClInclude>
    <ClInclude Include="./src/freeglut/src/freeglut_videoresize.c">
      <Filter>src</Filter>
    </ClInclude>
    <ClInclude Include="./src/freeglut/src/freeglut_window.c">
      <Filter>src</Filter>
    </ClInclude>
    <ClInclude Include="./src/freeglut/src/freeglut_xinput.c">
      <Filter>src</Filter>
    </ClInclude>
    <ClInclude Include="./src/Graphics.cpp">
      <Filter>src</Filter>
    </ClInclude>
    <ClInclude Include="./src/Transforms.cpp">
      <Filter>src</Filter>
    </ClInclude>
    <ClInclude Include="./src/Window.cpp">
      <Filter>src</Filter>
    </ClInclude>
  </ItemGroup>
  </Project>
